
Microsoft Visual Studio Solution File, Format Version 12.00
# Visual Studio Version 16
VisualStudioVersion = 16.0.29613.14
MinimumVisualStudioVersion = 10.0.40219.1
Project("{FAE04EC0-301F-11D3-BF4B-00C04F79EFBC}") = "BattleShip", "BattleShip\BattleShip.csproj", "{35F95C91-6A6C-44B9-ACDF-A6B3D09E5ADA}"
EndProject
Global
	GlobalSection(SolutionConfigurationPlatforms) = preSolution
		Debug|Any CPU = Debug|Any CPU
		Release|Any CPU = Release|Any CPU
	EndGlobalSection
	GlobalSection(ProjectConfigurationPlatforms) = postSolution
		{35F95C91-6A6C-44B9-ACDF-A6B3D09E5ADA}.Debug|Any CPU.ActiveCfg = Debug|Any CPU
		{35F95C91-6A6C-44B9-ACDF-A6B3D09E5ADA}.Debug|Any CPU.Build.0 = Debug|Any CPU
		{35F95C91-6A6C-44B9-ACDF-A6B3D09E5ADA}.Release|Any CPU.ActiveCfg = Release|Any CPU
		{35F95C91-6A6C-44B9-ACDF-A6B3D09E5ADA}.Release|Any CPU.Build.0 = Release|Any CPU
	EndGlobalSection
	GlobalSection(SolutionProperties) = preSolution
		HideSolutionNode = FALSE
	EndGlobalSection
	GlobalSection(ExtensibilityGlobals) = postSolution
		SolutionGuid = {C009C2AF-8A92-417A-91B6-CF69958B201F}
	EndGlobalSection
EndGlobal
